
Microsoft Visual Studio Solution File, Format Version 12.00
# Visual Studio Version 17
VisualStudioVersion = 17.3.32811.315
MinimumVisualStudioVersion = 10.0.40219.1
Project("{FAE04EC0-301F-11D3-BF4B-00C04F79EFBC}") = "Hotel_management", "Hotel_management\Hotel_management.csproj", "{D3CC7A91-2307-4405-9585-93F1A53A45EA}"
EndProject
Global
	GlobalSection(SolutionConfigurationPlatforms) = preSolution
		Debug|Any CPU = Debug|Any CPU
		Release|Any CPU = Release|Any CPU
	EndGlobalSection
	GlobalSection(ProjectConfigurationPlatforms) = postSolution
		{D3CC7A91-2307-4405-9585-93F1A53A45EA}.Debug|Any CPU.ActiveCfg = Debug|Any CPU
		{D3CC7A91-2307-4405-9585-93F1A53A45EA}.Debug|Any CPU.Build.0 = Debug|Any CPU
		{D3CC7A91-2307-4405-9585-93F1A53A45EA}.Release|Any CPU.ActiveCfg = Release|Any CPU
		{D3CC7A91-2307-4405-9585-93F1A53A45EA}.Release|Any CPU.Build.0 = Release|Any CPU
	EndGlobalSection
	GlobalSection(SolutionProperties) = preSolution
		HideSolutionNode = FALSE
	EndGlobalSection
	GlobalSection(ExtensibilityGlobals) = postSolution
		SolutionGuid = {461248C0-0E9A-438C-B764-A4D762139D34}
	EndGlobalSection
EndGlobal
